PODS:
  - boost-for-react-native (1.63.0)
  - Braintree (4.30.0):
    - Braintree/Card (= 4.30.0)
    - Braintree/Core (= 4.30.0)
    - Braintree/PayPal (= 4.30.0)
    - Braintree/UI (= 4.30.0)
  - Braintree/Card (4.30.0):
    - Braintree/Core
  - Braintree/Core (4.30.0)
  - Braintree/PaymentFlow (4.30.0):
    - Braintree/Card
    - Braintree/Core
    - Braintree/PayPalOneTouch
  - Braintree/PayPal (4.30.0):
    - Braintree/Core
    - Braintree/PayPalOneTouch
  - Braintree/PayPalDataCollector (4.30.0):
    - Braintree/Core
    - Braintree/PayPalUtils
  - Braintree/PayPalOneTouch (4.30.0):
    - Braintree/Core
    - Braintree/PayPalDataCollector
    - Braintree/PayPalUtils
  - Braintree/PayPalUtils (4.30.0)
  - Braintree/UI (4.30.0):
    - Braintree/Card
    - Braintree/Core
  - Braintree/UnionPay (4.30.0):
    - Braintree/Card
    - Braintree/Core
  - BraintreeDropIn (7.4.0):
    - BraintreeDropIn/DropIn (= 7.4.0)
  - BraintreeDropIn/DropIn (7.4.0):
    - Braintree/Card (~> 4.27)
    - Braintree/Core (~> 4.27)
    - Braintree/PaymentFlow (~> 4.27)
    - Braintree/PayPal (~> 4.27)
    - Braintree/UnionPay (~> 4.27)
    - BraintreeDropIn/UIKit
  - BraintreeDropIn/UIKit (7.4.0)
  - CardIO (5.4.1)
  - DoubleConversion (1.1.6)
  - FBLazyVector (0.61.2)
  - FBReactNativeSpec (0.61.2):
    - Folly (= 2018.10.22.00)
    - RCTRequired (= 0.61.2)
    - RCTTypeSafety (= 0.61.2)
    - React-Core (= 0.61.2)
    - React-jsi (= 0.61.2)
    - ReactCommon/turbomodule/core (= 0.61.2)
  - Folly (2018.10.22.00):
    - boost-for-react-native
    - DoubleConversion
    - Folly/Default (= 2018.10.22.00)
    - glog
  - Folly/Default (2018.10.22.00):
    - boost-for-react-native
    - DoubleConversion
    - glog
  - glog (0.3.5)
  - Mixpanel (3.4.9)
  - QBImagePickerController (3.4.0)
  - RCTRequired (0.61.2)
  - RCTTypeSafety (0.61.2):
    - FBLazyVector (= 0.61.2)
    - Folly (= 2018.10.22.00)
    - RCTRequired (= 0.61.2)
    - React-Core (= 0.61.2)
  - React (0.61.2):
    - React-Core (= 0.61.2)
    - React-Core/DevSupport (= 0.61.2)
    - React-Core/RCTWebSocket (= 0.61.2)
    - React-RCTActionSheet (= 0.61.2)
    - React-RCTAnimation (= 0.61.2)
    - React-RCTBlob (= 0.61.2)
    - React-RCTImage (= 0.61.2)
    - React-RCTLinking (= 0.61.2)
    - React-RCTNetwork (= 0.61.2)
    - React-RCTSettings (= 0.61.2)
    - React-RCTText (= 0.61.2)
    - React-RCTVibration (= 0.61.2)
  - React-Core (0.61.2):
    - Folly (= 2018.10.22.00)
    - glog
    - React-Core/Default (= 0.61.2)
    - React-cxxreact (= 0.61.2)
    - React-jsi (= 0.61.2)
    - React-jsiexecutor (= 0.61.2)
    - Yoga
  - React-Core/CoreModulesHeaders (0.61.2):
    - Folly (= 2018.10.22.00)
    - glog
    - React-Core/Default
    - React-cxxreact (= 0.61.2)
    - React-jsi (= 0.61.2)
    - React-jsiexecutor (= 0.61.2)
    - Yoga
  - React-Core/Default (0.61.2):
    - Folly (= 2018.10.22.00)
    - glog
    - React-cxxreact (= 0.61.2)
    - React-jsi (= 0.61.2)
    - React-jsiexecutor (= 0.61.2)
    - Yoga
  - React-Core/DevSupport (0.61.2):
    - Folly (= 2018.10.22.00)
    - glog
    - React-Core/Default (= 0.61.2)
    - React-Core/RCTWebSocket (= 0.61.2)
    - React-cxxreact (= 0.61.2)
    - React-jsi (= 0.61.2)
    - React-jsiexecutor (= 0.61.2)
    - React-jsinspector (= 0.61.2)
    - Yoga
  - React-Core/RCTActionSheetHeaders (0.61.2):
    - Folly (= 2018.10.22.00)
    - glog
    - React-Core/Default
    - React-cxxreact (= 0.61.2)
    - React-jsi (= 0.61.2)
    - React-jsiexecutor (= 0.61.2)
    - Yoga
  - React-Core/RCTAnimationHeaders (0.61.2):
    - Folly (= 2018.10.22.00)
    - glog
    - React-Core/Default
    - React-cxxreact (= 0.61.2)
    - React-jsi (= 0.61.2)
    - React-jsiexecutor (= 0.61.2)
    - Yoga
  - React-Core/RCTBlobHeaders (0.61.2):
    - Folly (= 2018.10.22.00)
    - glog
    - React-Core/Default
    - React-cxxreact (= 0.61.2)
    - React-jsi (= 0.61.2)
    - React-jsiexecutor (= 0.61.2)
    - Yoga
  - React-Core/RCTImageHeaders (0.61.2):
    - Folly (= 2018.10.22.00)
    - glog
    - React-Core/Default
    - React-cxxreact (= 0.61.2)
    - React-jsi (= 0.61.2)
    - React-jsiexecutor (= 0.61.2)
    - Yoga
  - React-Core/RCTLinkingHeaders (0.61.2):
    - Folly (= 2018.10.22.00)
    - glog
    - React-Core/Default
    - React-cxxreact (= 0.61.2)
    - React-jsi (= 0.61.2)
    - React-jsiexecutor (= 0.61.2)
    - Yoga
  - React-Core/RCTNetworkHeaders (0.61.2):
    - Folly (= 2018.10.22.00)
    - glog
    - React-Core/Default
    - React-cxxreact (= 0.61.2)
    - React-jsi (= 0.61.2)
    - React-jsiexecutor (= 0.61.2)
    - Yoga
  - React-Core/RCTSettingsHeaders (0.61.2):
    - Folly (= 2018.10.22.00)
    - glog
    - React-Core/Default
    - React-cxxreact (= 0.61.2)
    - React-jsi (= 0.61.2)
    - React-jsiexecutor (= 0.61.2)
    - Yoga
  - React-Core/RCTTextHeaders (0.61.2):
    - Folly (= 2018.10.22.00)
    - glog
    - React-Core/Default
    - React-cxxreact (= 0.61.2)
    - React-jsi (= 0.61.2)
    - React-jsiexecutor (= 0.61.2)
    - Yoga
  - React-Core/RCTVibrationHeaders (0.61.2):
    - Folly (= 2018.10.22.00)
    - glog
    - React-Core/Default
    - React-cxxreact (= 0.61.2)
    - React-jsi (= 0.61.2)
    - React-jsiexecutor (= 0.61.2)
    - Yoga
  - React-Core/RCTWebSocket (0.61.2):
    - Folly (= 2018.10.22.00)
    - glog
    - React-Core/Default (= 0.61.2)
    - React-cxxreact (= 0.61.2)
    - React-jsi (= 0.61.2)
    - React-jsiexecutor (= 0.61.2)
    - Yoga
  - React-CoreModules (0.61.2):
    - FBReactNativeSpec (= 0.61.2)
    - Folly (= 2018.10.22.00)
    - RCTTypeSafety (= 0.61.2)
    - React-Core/CoreModulesHeaders (= 0.61.2)
    - React-RCTImage (= 0.61.2)
    - ReactCommon/turbomodule/core (= 0.61.2)
  - React-cxxreact (0.61.2):
    - boost-for-react-native (= 1.63.0)
    - DoubleConversion
    - Folly (= 2018.10.22.00)
    - glog
    - React-jsinspector (= 0.61.2)
  - React-jsi (0.61.2):
    - boost-for-react-native (= 1.63.0)
    - DoubleConversion
    - Folly (= 2018.10.22.00)
    - glog
    - React-jsi/Default (= 0.61.2)
  - React-jsi/Default (0.61.2):
    - boost-for-react-native (= 1.63.0)
    - DoubleConversion
    - Folly (= 2018.10.22.00)
    - glog
  - React-jsiexecutor (0.61.2):
    - DoubleConversion
    - Folly (= 2018.10.22.00)
    - glog
    - React-cxxreact (= 0.61.2)
    - React-jsi (= 0.61.2)
  - React-jsinspector (0.61.2)
  - react-native-blur (0.8.0):
    - React
  - react-native-camera (3.7.2):
    - React
    - react-native-camera/RCT (= 3.7.2)
    - react-native-camera/RN (= 3.7.2)
  - react-native-camera/RCT (3.7.2):
    - React
  - react-native-camera/RN (3.7.2):
    - React
  - react-native-contacts (5.0.4):
    - React
  - react-native-mixpanel (0.0.6):
    - Mixpanel (~> 3.4.5)
    - React
  - react-native-netinfo (4.4.0):
    - React
  - react-native-orientation (3.1.3):
    - React
  - react-native-video (5.0.2):
    - React
    - react-native-video/Video (= 5.0.2)
  - react-native-video/Video (5.0.2):
    - React
  - react-native-wowza-gocoder (1.0.6):
    - React
  - React-RCTActionSheet (0.61.2):
    - React-Core/RCTActionSheetHeaders (= 0.61.2)
  - React-RCTAnimation (0.61.2):
    - React-Core/RCTAnimationHeaders (= 0.61.2)
  - React-RCTBlob (0.61.2):
    - React-Core/RCTBlobHeaders (= 0.61.2)
    - React-Core/RCTWebSocket (= 0.61.2)
    - React-jsi (= 0.61.2)
    - React-RCTNetwork (= 0.61.2)
  - React-RCTImage (0.61.2):
    - React-Core/RCTImageHeaders (= 0.61.2)
    - React-RCTNetwork (= 0.61.2)
  - React-RCTLinking (0.61.2):
    - React-Core/RCTLinkingHeaders (= 0.61.2)
  - React-RCTNetwork (0.61.2):
    - React-Core/RCTNetworkHeaders (= 0.61.2)
  - React-RCTSettings (0.61.2):
    - React-Core/RCTSettingsHeaders (= 0.61.2)
  - React-RCTText (0.61.2):
    - React-Core/RCTTextHeaders (= 0.61.2)
  - React-RCTVibration (0.61.2):
    - React-Core/RCTVibrationHeaders (= 0.61.2)
  - ReactCommon/jscallinvoker (0.61.2):
    - DoubleConversion
    - Folly (= 2018.10.22.00)
    - glog
    - React-cxxreact (= 0.61.2)
  - ReactCommon/turbomodule/core (0.61.2):
    - DoubleConversion
    - Folly (= 2018.10.22.00)
    - glog
    - React-Core (= 0.61.2)
    - React-cxxreact (= 0.61.2)
    - React-jsi (= 0.61.2)
    - ReactCommon/jscallinvoker (= 0.61.2)
  - rn-fetch-blob (0.11.2):
    - React-Core
  - RNCAsyncStorage (1.6.2):
    - React
  - RNGestureHandler (1.4.1):
    - React
  - RNImageCropPicker (0.26.0):
    - QBImagePickerController
    - React-Core
    - React-RCTImage
    - RSKImageCropper
  - RNVectorIcons (6.6.0):
    - React
  - RSKImageCropper (2.2.3)
  - XCDYouTubeKit (2.8.1)
  - Yoga (1.14.0)

DEPENDENCIES:
  - Braintree
  - BraintreeDropIn
  - CardIO
  - DoubleConversion (from `../node_modules/react-native/third-party-podspecs/DoubleConversion.podspec`)
  - FBLazyVector (from `../node_modules/react-native/Libraries/FBLazyVector`)
  - FBReactNativeSpec (from `../node_modules/react-native/Libraries/FBReactNativeSpec`)
  - Folly (from `../node_modules/react-native/third-party-podspecs/Folly.podspec`)
  - glog (from `../node_modules/react-native/third-party-podspecs/glog.podspec`)
  - RCTRequired (from `../node_modules/react-native/Libraries/RCTRequired`)
  - RCTTypeSafety (from `../node_modules/react-native/Libraries/TypeSafety`)
  - React (from `../node_modules/react-native/`)
  - React-Core (from `../node_modules/react-native/`)
  - React-Core/DevSupport (from `../node_modules/react-native/`)
  - React-Core/RCTWebSocket (from `../node_modules/react-native/`)
  - React-CoreModules (from `../node_modules/react-native/React/CoreModules`)
  - React-cxxreact (from `../node_modules/react-native/ReactCommon/cxxreact`)
  - React-jsi (from `../node_modules/react-native/ReactCommon/jsi`)
  - React-jsiexecutor (from `../node_modules/react-native/ReactCommon/jsiexecutor`)
  - React-jsinspector (from `../node_modules/react-native/ReactCommon/jsinspector`)
  - react-native-blur (from `../node_modules/react-native-blur`)
  - react-native-camera (from `../node_modules/react-native-camera`)
  - react-native-contacts (from `../node_modules/react-native-contacts`)
  - react-native-mixpanel (from `../node_modules/react-native-mixpanel`)
  - "react-native-netinfo (from `../node_modules/@react-native-community/netinfo`)"
  - react-native-orientation (from `../node_modules/react-native-orientation`)
  - react-native-video (from `../node_modules/react-native-video`)
  - react-native-wowza-gocoder (from `../node_modules/react-native-wowza-gocoder`)
  - React-RCTActionSheet (from `../node_modules/react-native/Libraries/ActionSheetIOS`)
  - React-RCTAnimation (from `../node_modules/react-native/Libraries/NativeAnimation`)
  - React-RCTBlob (from `../node_modules/react-native/Libraries/Blob`)
  - React-RCTImage (from `../node_modules/react-native/Libraries/Image`)
  - React-RCTLinking (from `../node_modules/react-native/Libraries/LinkingIOS`)
  - React-RCTNetwork (from `../node_modules/react-native/Libraries/Network`)
  - React-RCTSettings (from `../node_modules/react-native/Libraries/Settings`)
  - React-RCTText (from `../node_modules/react-native/Libraries/Text`)
  - React-RCTVibration (from `../node_modules/react-native/Libraries/Vibration`)
  - ReactCommon/jscallinvoker (from `../node_modules/react-native/ReactCommon`)
  - ReactCommon/turbomodule/core (from `../node_modules/react-native/ReactCommon`)
  - rn-fetch-blob (from `../node_modules/rn-fetch-blob`)
  - "RNCAsyncStorage (from `../node_modules/@react-native-community/async-storage`)"
  - RNGestureHandler (from `../node_modules/react-native-gesture-handler`)
  - RNImageCropPicker (from `../node_modules/react-native-image-crop-picker`)
  - RNVectorIcons (from `../node_modules/react-native-vector-icons`)
  - XCDYouTubeKit (~> 2.8)
  - Yoga (from `../node_modules/react-native/ReactCommon/yoga`)

SPEC REPOS:
  trunk:
    - boost-for-react-native
    - Braintree
    - BraintreeDropIn
    - CardIO
    - Mixpanel
    - QBImagePickerController
    - RSKImageCropper
    - XCDYouTubeKit

EXTERNAL SOURCES:
  DoubleConversion:
    :podspec: "../node_modules/react-native/third-party-podspecs/DoubleConversion.podspec"
  FBLazyVector:
    :path: "../node_modules/react-native/Libraries/FBLazyVector"
  FBReactNativeSpec:
    :path: "../node_modules/react-native/Libraries/FBReactNativeSpec"
  Folly:
    :podspec: "../node_modules/react-native/third-party-podspecs/Folly.podspec"
  glog:
    :podspec: "../node_modules/react-native/third-party-podspecs/glog.podspec"
  RCTRequired:
    :path: "../node_modules/react-native/Libraries/RCTRequired"
  RCTTypeSafety:
    :path: "../node_modules/react-native/Libraries/TypeSafety"
  React:
    :path: "../node_modules/react-native/"
  React-Core:
    :path: "../node_modules/react-native/"
  React-CoreModules:
    :path: "../node_modules/react-native/React/CoreModules"
  React-cxxreact:
    :path: "../node_modules/react-native/ReactCommon/cxxreact"
  React-jsi:
    :path: "../node_modules/react-native/ReactCommon/jsi"
  React-jsiexecutor:
    :path: "../node_modules/react-native/ReactCommon/jsiexecutor"
  React-jsinspector:
    :path: "../node_modules/react-native/ReactCommon/jsinspector"
  react-native-blur:
    :path: "../node_modules/react-native-blur"
  react-native-camera:
    :path: "../node_modules/react-native-camera"
  react-native-contacts:
    :path: "../node_modules/react-native-contacts"
  react-native-mixpanel:
    :path: "../node_modules/react-native-mixpanel"
  react-native-netinfo:
    :path: "../node_modules/@react-native-community/netinfo"
  react-native-orientation:
    :path: "../node_modules/react-native-orientation"
  react-native-video:
    :path: "../node_modules/react-native-video"
  react-native-wowza-gocoder:
    :path: "../node_modules/react-native-wowza-gocoder"
  React-RCTActionSheet:
    :path: "../node_modules/react-native/Libraries/ActionSheetIOS"
  React-RCTAnimation:
    :path: "../node_modules/react-native/Libraries/NativeAnimation"
  React-RCTBlob:
    :path: "../node_modules/react-native/Libraries/Blob"
  React-RCTImage:
    :path: "../node_modules/react-native/Libraries/Image"
  React-RCTLinking:
    :path: "../node_modules/react-native/Libraries/LinkingIOS"
  React-RCTNetwork:
    :path: "../node_modules/react-native/Libraries/Network"
  React-RCTSettings:
    :path: "../node_modules/react-native/Libraries/Settings"
  React-RCTText:
    :path: "../node_modules/react-native/Libraries/Text"
  React-RCTVibration:
    :path: "../node_modules/react-native/Libraries/Vibration"
  ReactCommon:
    :path: "../node_modules/react-native/ReactCommon"
  rn-fetch-blob:
    :path: "../node_modules/rn-fetch-blob"
  RNCAsyncStorage:
    :path: "../node_modules/@react-native-community/async-storage"
  RNGestureHandler:
    :path: "../node_modules/react-native-gesture-handler"
  RNImageCropPicker:
    :path: "../node_modules/react-native-image-crop-picker"
  RNVectorIcons:
    :path: "../node_modules/react-native-vector-icons"
  Yoga:
    :path: "../node_modules/react-native/ReactCommon/yoga"

SPEC CHECKSUMS:
  boost-for-react-native: 39c7adb57c4e60d6c5479dd8623128eb5b3f0f2c
  Braintree: 6c7b531ed255701cc69666a2f02d1324a2d95c41
  BraintreeDropIn: ee413ce4f94b86179e5ff3f98eb847219610bb96
  CardIO: 56983b39b62f495fc6dae9ad7cf875143df06443
  DoubleConversion: 5805e889d232975c086db112ece9ed034df7a0b2
  FBLazyVector: 68b6a76960fbd8ecd9fb7ce0aadd3329c3340a99
  FBReactNativeSpec: 5a764c60abdc3336a213e5310c40b74741f32839
  Folly: 30e7936e1c45c08d884aa59369ed951a8e68cf51
  glog: 1f3da668190260b06b429bb211bfbee5cd790c28
  Mixpanel: 5aca6e506b34650b96dc759a208513d86650fac7
  QBImagePickerController: d54cf93db6decf26baf6ed3472f336ef35cae022
  RCTRequired: c639d59ed389cfb1f1203f65c2ea946d8ec586e2
  RCTTypeSafety: dc23fb655d6c77667c78e327bf661bc11e3b8aec
  React: 7e586e5d7bec12b91c1a096826b0fc9ab1da7865
  React-Core: 8ddb9770b4a30a6ab4a754e6ed5ec76454e3d699
  React-CoreModules: b3d9eece8ad7df36c917a41f05c1168c52fe0b34
  React-cxxreact: 1f972757c0bd08d962ef78068e06613c27489a3f
  React-jsi: 32285a21b1b24c36060493ed3057a34677d58d09
  React-jsiexecutor: 8909917ff7d8f21a57e443a866fd8d4560e50c65
  React-jsinspector: 111d7d342b07a904c400592e02a2b958f1098b60
  react-native-blur: cad4d93b364f91e7b7931b3fa935455487e5c33c
  react-native-camera: 92877108e4c4d1d5a3f1c6f8733f1877ab1e8c1a
  react-native-contacts: 7d0b7ccd5f00df82ceca035935fc9d6e63af5aec
  react-native-mixpanel: f7ca1a4a436f1d3c19d9ca5d57aa47b848e97292
  react-native-netinfo: 6bb847e64f45a2d69c6173741111cfd95c669301
  react-native-orientation: f1caf84d65f1a4fd4511a18f2b924e634ad7a628
  react-native-video: d01ed7ff1e38fa7dcc6c15c94cf505e661b7bfd0
  react-native-wowza-gocoder: d6a029b111d5b4f70e74331f7657a9509f7ce290
  React-RCTActionSheet: 89b037c0fb7d2671607cb645760164e7e0c013f6
  React-RCTAnimation: e3cefa93c38c004c318f7ec04b883eb14b8b8235
  React-RCTBlob: d26ac0e313fbf14e7203473fd593ccaaeee8329e
  React-RCTImage: 4bdd9588783fa9e48ef669ccd4f747224e208edf
  React-RCTLinking: 65f0088ff463babd3d5d567964a65b74141eff3b
  React-RCTNetwork: 0c1a73576c1cfeafe68396556de1b17d93c0c595
  React-RCTSettings: 4194f1f0edbddf3fd44d1714dc6578bb20379b60
  React-RCTText: e3ef6191cdb627855ff7fe8fa0c1e14094967fb8
  React-RCTVibration: fb54c732fd20405a76598e431aa2f8c2bf527de9
  ReactCommon: 5848032ed2f274fcb40f6b9ec24067787c42d479
  rn-fetch-blob: f525a73a78df9ed5d35e67ea65e79d53c15255bc
  RNCAsyncStorage: 60a80e72d95bf02a01cace55d3697d9724f0d77f
  RNGestureHandler: 4cb47a93019c1a201df2644413a0a1569a51c8aa
  RNImageCropPicker: ab219ee3e36a1457f38695207e26545712af52f3
  RNVectorIcons: 0bb4def82230be1333ddaeee9fcba45f0b288ed4
  RSKImageCropper: a446db0e8444a036b34f3c43db01b2373baa4b2a
  XCDYouTubeKit: 4ca4e3322fa556ec1c32932d378365c15ce1386e
  Yoga: 14927e37bd25376d216b150ab2a561773d57911f

PODFILE CHECKSUM: 19f97044feedca6f1229212dda97bbcc5fd8931d

COCOAPODS: 1.8.3
